// !$*UTF8*$!
{
	archiveVersion = 1;
	classes = {
	};
	objectVersion = 50;
	objects = {

/* Begin PBXBuildFile section */
		228694A807B89CC2CDC1F4A1 /* Pods_NewsFun.framework in Frameworks */ = {isa = PBXBuildFile; fileRef = 4BC17F833FA24B542B5E3472 /* Pods_NewsFun.framework */; };
		A71A91BC229F4263005F2EBB /* AppDelegate.swift in Sources */ = {isa = PBXBuildFile; fileRef = A71A91BB229F4263005F2EBB /* AppDelegate.swift */; };
		A71A91C1229F4263005F2EBB /* Main.storyboard in Resources */ = {isa = PBXBuildFile; fileRef = A71A91BF229F4263005F2EBB /* Main.storyboard */; };
		A71A91C3229F426A005F2EBB /* Assets.xcassets in Resources */ = {isa = PBXBuildFile; fileRef = A71A91C2229F426A005F2EBB /* Assets.xcassets */; };
		A71A91C6229F426A005F2EBB /* LaunchScreen.storyboard in Resources */ = {isa = PBXBuildFile; fileRef = A71A91C4229F426A005F2EBB /* LaunchScreen.storyboard */; };
		A71A91CE229F483A005F2EBB /* NewsHelper.swift in Sources */ = {isa = PBXBuildFile; fileRef = A71A91CD229F483A005F2EBB /* NewsHelper.swift */; };
		A71A91D0229F4938005F2EBB /* ArticleTableViewController.swift in Sources */ = {isa = PBXBuildFile; fileRef = A71A91CF229F4938005F2EBB /* ArticleTableViewController.swift */; };
		A71A91D2229F4967005F2EBB /* ArticleWebViewController.swift in Sources */ = {isa = PBXBuildFile; fileRef = A71A91D1229F4967005F2EBB /* ArticleWebViewController.swift */; };
/* End PBXBuildFile section */

/* Begin PBXFileReference section */
		30385CDEC3E1F37BD8CC13B1 /* Pods-NewsFun.release.xcconfig */ = {isa = PBXFileReference; includeInIndex = 1; lastKnownFileType = text.xcconfig; name = "Pods-NewsFun.release.xcconfig"; path = "Target Support Files/Pods-NewsFun/Pods-NewsFun.release.xcconfig"; sourceTree = "<group>"; };
		4BC17F833FA24B542B5E3472 /* Pods_NewsFun.framework */ = {isa = PBXFileReference; explicitFileType = wrapper.framework; includeInIndex = 0; path = Pods_NewsFun.framework; sourceTree = BUILT_PRODUCTS_DIR; };
		8F03698FF80300891778E605 /* Pods-NewsFun.debug.xcconfig */ = {isa = PBXFileReference; includeInIndex = 1; lastKnownFileType = text.xcconfig; name = "Pods-NewsFun.debug.xcconfig"; path = "Target Support Files/Pods-NewsFun/Pods-NewsFun.debug.xcconfig"; sourceTree = "<group>"; };
		A71A91B8229F4263005F2EBB /* NewsFun.app */ = {isa = PBXFileReference; explicitFileType = wrapper.application; includeInIndex = 0; path = NewsFun.app; sourceTree = BUILT_PRODUCTS_DIR; };
		A71A91BB229F4263005F2EBB /* AppDelegate.swift */ = {isa = PBXFileReference; lastKnownFileType = sourcecode.swift; path = AppDelegate.swift; sourceTree = "<group>"; };
		A71A91C0229F4263005F2EBB /* Base */ = {isa = PBXFileReference; lastKnownFileType = file.storyboard; name = Base; path = Base.lproj/Main.storyboard; sourceTree = "<group>"; };
		A71A91C2229F426A005F2EBB /* Assets.xcassets */ = {isa = PBXFileReference; lastKnownFileType = folder.assetcatalog; path = Assets.xcassets; sourceTree = "<group>"; };
		A71A91C5229F426A005F2EBB /* Base */ = {isa = PBXFileReference; lastKnownFileType = file.storyboard; name = Base; path = Base.lproj/LaunchScreen.storyboard; sourceTree = "<group>"; };
		A71A91C7229F426A005F2EBB /* Info.plist */ = {isa = PBXFileReference; lastKnownFileType = text.plist.xml; path = Info.plist; sourceTree = "<group>"; };
		A71A91CD229F483A005F2EBB /* NewsHelper.swift */ = {isa = PBXFileReference; lastKnownFileType = sourcecode.swift; path = NewsHelper.swift; sourceTree = "<group>"; };
		A71A91CF229F4938005F2EBB /* ArticleTableViewController.swift */ = {isa = PBXFileReference; lastKnownFileType = sourcecode.swift; path = ArticleTableViewController.swift; sourceTree = "<group>"; };
		A71A91D1229F4967005F2EBB /* ArticleWebViewController.swift */ = {isa = PBXFileReference; lastKnownFileType = sourcecode.swift; path = ArticleWebViewController.swift; sourceTree = "<group>"; };
/* End PBXFileReference section */

/* Begin PBXFrameworksBuildPhase section */
		A71A91B5229F4263005F2EBB /* Frameworks */ = {
			isa = PBXFrameworksBuildPhase;
			buildActionMask = 2147483647;
			files = (
				228694A807B89CC2CDC1F4A1 /* Pods_NewsFun.framework in Frameworks */,
			);
			runOnlyForDeploymentPostprocessing = 0;
		};
/* End PBXFrameworksBuildPhase section */

/* Begin PBXGroup section */
		01CE6D6F36292BB00D68FD01 /* Frameworks */ = {
			isa = PBXGroup;
			children = (
				4BC17F833FA24B542B5E3472 /* Pods_NewsFun.framework */,
			);
			name = Frameworks;
			sourceTree = "<group>";
		};
		A71A91AF229F4263005F2EBB = {
			isa = PBXGroup;
			children = (
				A71A91BA229F4263005F2EBB /* NewsFun */,
				A71A91B9229F4263005F2EBB /* Products */,
				BAB406800620792C21A9AA0F /* Pods */,
				01CE6D6F36292BB00D68FD01 /* Frameworks */,
			);
			sourceTree = "<group>";
		};
		A71A91B9229F4263005F2EBB /* Products */ = {
			isa = PBXGroup;
			children = (
				A71A91B8229F4263005F2EBB /* NewsFun.app */,
			);
			name = Products;
			sourceTree = "<group>";
		};
		A71A91BA229F4263005F2EBB /* NewsFun */ = {
			isa = PBXGroup;
			children = (
				A71A91BB229F4263005F2EBB /* AppDelegate.swift */,
				A71A91CD229F483A005F2EBB /* NewsHelper.swift */,
				A71A91CF229F4938005F2EBB /* ArticleTableViewController.swift */,
				A71A91D1229F4967005F2EBB /* ArticleWebViewController.swift */,
				A71A91BF229F4263005F2EBB /* Main.storyboard */,
				A71A91C2229F426A005F2EBB /* Assets.xcassets */,
				A71A91C4229F426A005F2EBB /* LaunchScreen.storyboard */,
				A71A91C7229F426A005F2EBB /* Info.plist */,
			);
			path = NewsFun;
			sourceTree = "<group>";
		};
		BAB406800620792C21A9AA0F /* Pods */ = {
			isa = PBXGroup;
			children = (
				8F03698FF80300891778E605 /* Pods-NewsFun.debug.xcconfig */,
				30385CDEC3E1F37BD8CC13B1 /* Pods-NewsFun.release.xcconfig */,
			);
			path = Pods;
			sourceTree = "<group>";
		};
/* End PBXGroup section */

/* Begin PBXNativeTarget section */
		A71A91B7229F4263005F2EBB /* NewsFun */ = {
			isa = PBXNativeTarget;
			buildConfigurationList = A71A91CA229F426A005F2EBB /* Build configuration list for PBXNativeTarget "NewsFun" */;
			buildPhases = (
				982BB153BFC6EF4E352F34F4 /* [CP] Check Pods Manifest.lock */,
				A71A91B4229F4263005F2EBB /* Sources */,
				A71A91B5229F4263005F2EBB /* Frameworks */,
				A71A91B6229F4263005F2EBB /* Resources */,
				1FB2A9D646AC82EC2FA501CB /* [CP] Embed Pods Frameworks */,
			);
			buildRules = (
			);
			dependencies = (
			);
			name = NewsFun;
			productName = NewsFun;
			productReference = A71A91B8229F4263005F2EBB /* NewsFun.app */;
			productType = "com.apple.product-type.application";
		};
/* End PBXNativeTarget section */

/* Begin PBXProject section */
		A71A91B0229F4263005F2EBB /* Project object */ = {
			isa = PBXProject;
			attributes = {
				LastSwiftUpdateCheck = 1020;
				LastUpgradeCheck = 1020;
				ORGANIZATIONNAME = "Ricardo Hui";
				TargetAttributes = {
					A71A91B7229F4263005F2EBB = {
						CreatedOnToolsVersion = 10.2.1;
					};
				};
			};
			buildConfigurationList = A71A91B3229F4263005F2EBB /* Build configuration list for PBXProject "NewsFun" */;
			compatibilityVersion = "Xcode 9.3";
			developmentRegion = en;
			hasScannedForEncodings = 0;
			knownRegions = (
				en,
				Base,
			);
			mainGroup = A71A91AF229F4263005F2EBB;
			productRefGroup = A71A91B9229F4263005F2EBB /* Products */;
			projectDirPath = "";
			projectRoot = "";
			targets = (
				A71A91B7229F4263005F2EBB /* NewsFun */,
			);
		};
/* End PBXProject section */

/* Begin PBXResourcesBuildPhase section */
		A71A91B6229F4263005F2EBB /* Resources */ = {
			isa = PBXResourcesBuildPhase;
			buildActionMask = 2147483647;
			files = (
				A71A91C6229F426A005F2EBB /* LaunchScreen.storyboard in Resources */,
				A71A91C3229F426A005F2EBB /* Assets.xcassets in Resources */,
				A71A91C1229F4263005F2EBB /* Main.storyboard in Resources */,
			);
			runOnlyForDeploymentPostprocessing = 0;
		};
/* End PBXResourcesBuildPhase section */

/* Begin PBXShellScriptBuildPhase section */
		1FB2A9D646AC82EC2FA501CB /* [CP] Embed Pods Frameworks */ = {
			isa = PBXShellScriptBuildPhase;
			buildActionMask = 2147483647;
			files = (
			);
			inputFileListPaths = (
			);
			inputPaths = (
				"${PODS_ROOT}/Target Support Files/Pods-NewsFun/Pods-NewsFun-frameworks.sh",
				"${BUILT_PRODUCTS_DIR}/Alamofire/Alamofire.framework",
				"${BUILT_PRODUCTS_DIR}/DocumentClassifier/DocumentClassifier.framework",
				"${BUILT_PRODUCTS_DIR}/Kingfisher/Kingfisher.framework",
			);
			name = "[CP] Embed Pods Frameworks";
			outputFileListPaths = (
			);
			outputPaths = (
				"${TARGET_BUILD_DIR}/${FRAMEWORKS_FOLDER_PATH}/Alamofire.framework",
				"${TARGET_BUILD_DIR}/${FRAMEWORKS_FOLDER_PATH}/DocumentClassifier.framework",
				"${TARGET_BUILD_DIR}/${FRAMEWORKS_FOLDER_PATH}/Kingfisher.framework",
			);
			runOnlyForDeploymentPostprocessing = 0;
			shellPath = /bin/sh;
			shellScript = "\"${PODS_ROOT}/Target Support Files/Pods-NewsFun/Pods-NewsFun-frameworks.sh\"\n";
			showEnvVarsInLog = 0;
		};
		982BB153BFC6EF4E352F34F4 /* [CP] Check Pods Manifest.lock */ = {
			isa = PBXShellScriptBuildPhase;
			buildActionMask = 2147483647;
			files = (
			);
			inputFileListPaths = (
			);
			inputPaths = (
				"${PODS_PODFILE_DIR_PATH}/Podfile.lock",
				"${PODS_ROOT}/Manifest.lock",
			);
			name = "[CP] Check Pods Manifest.lock";
			outputFileListPaths = (
			);
			outputPaths = (
				"$(DERIVED_FILE_DIR)/Pods-NewsFun-checkManifestLockResult.txt",
			);
			runOnlyForDeploymentPostprocessing = 0;
			shellPath = /bin/sh;
			shellScript = "diff \"${PODS_PODFILE_DIR_PATH}/Podfile.lock\" \"${PODS_ROOT}/Manifest.lock\" > /dev/null\nif [ $? != 0 ] ; then\n    # print error to STDERR\n    echo \"error: The sandbox is not in sync with the Podfile.lock. Run 'pod install' or update your CocoaPods installation.\" >&2\n    exit 1\nfi\n# This output is used by Xcode 'outputs' to avoid re-running this script phase.\necho \"SUCCESS\" > \"${SCRIPT_OUTPUT_FILE_0}\"\n";
			showEnvVarsInLog = 0;
		};
/* End PBXShellScriptBuildPhase section */

/* Begin PBXSourcesBuildPhase section */
		A71A91B4229F4263005F2EBB /* Sources */ = {
			isa = PBXSourcesBuildPhase;
			buildActionMask = 2147483647;
			files = (
				A71A91D0229F4938005F2EBB /* ArticleTableViewController.swift in Sources */,
				A71A91BC229F4263005F2EBB /* AppDelegate.swift in Sources */,
				A71A91D2229F4967005F2EBB /* ArticleWebViewController.swift in Sources */,
				A71A91CE229F483A005F2EBB /* NewsHelper.swift in Sources */,
			);
			runOnlyForDeploymentPostprocessing = 0;
		};
/* End PBXSourcesBuildPhase section */

/* Begin PBXVariantGroup section */
		A71A91BF229F4263005F2EBB /* Main.storyboard */ = {
			isa = PBXVariantGroup;
			children = (
				A71A91C0229F4263005F2EBB /* Base */,
			);
			name = Main.storyboard;
			sourceTree = "<group>";
		};
		A71A91C4229F426A005F2EBB /* LaunchScreen.storyboard */ = {
			isa = PBXVariantGroup;
			children = (
				A71A91C5229F426A005F2EBB /* Base */,
			);
			name = LaunchScreen.storyboard;
			sourceTree = "<group>";
		};
/* End PBXVariantGroup section */

/* Begin XCBuildConfiguration section */
		A71A91C8229F426A005F2EBB /* Debug */ = {
			isa = XCBuildConfiguration;
			buildSettings = {
				ALWAYS_SEARCH_USER_PATHS = NO;
				CLANG_ANALYZER_NONNULL = YES;
				CLANG_ANALYZER_NUMBER_OBJECT_CONVERSION = YES_AGGRESSIVE;
				CLANG_CXX_LANGUAGE_STANDARD = "gnu++14";
				CLANG_CXX_LIBRARY = "libc++";
				CLANG_ENABLE_MODULES = YES;
				CLANG_ENABLE_OBJC_ARC = YES;
				CLANG_ENABLE_OBJC_WEAK = YES;
				CLANG_WARN_BLOCK_CAPTURE_AUTORELEASING = YES;
				CLANG_WARN_BOOL_CONVERSION = YES;
				CLANG_WARN_COMMA = YES;
				CLANG_WARN_CONSTANT_CONVERSION = YES;
				CLANG_WARN_DEPRECATED_OBJC_IMPLEMENTATIONS = YES;
				CLANG_WARN_DIRECT_OBJC_ISA_USAGE = YES_ERROR;
				CLANG_WARN_DOCUMENTATION_COMMENTS = YES;
				CLANG_WARN_EMPTY_BODY = YES;
				CLANG_WARN_ENUM_CONVERSION = YES;
				CLANG_WARN_INFINITE_RECURSION = YES;
				CLANG_WARN_INT_CONVERSION = YES;
				CLANG_WARN_NON_LITERAL_NULL_CONVERSION = YES;
				CLANG_WARN_OBJC_IMPLICIT_RETAIN_SELF = YES;
				CLANG_WARN_OBJC_LITERAL_CONVERSION = YES;
				CLANG_WARN_OBJC_ROOT_CLASS = YES_ERROR;
				CLANG_WARN_RANGE_LOOP_ANALYSIS = YES;
				CLANG_WARN_STRICT_PROTOTYPES = YES;
				CLANG_WARN_SUSPICIOUS_MOVE = YES;
				CLANG_WARN_UNGUARDED_AVAILABILITY = YES_AGGRESSIVE;
				CLANG_WARN_UNREACHABLE_CODE = YES;
				CLANG_WARN__DUPLICATE_METHOD_MATCH = YES;
				CODE_SIGN_IDENTITY = "iPhone Developer";
				COPY_PHASE_STRIP = NO;
				DEBUG_INFORMATION_FORMAT = dwarf;
				ENABLE_STRICT_OBJC_MSGSEND = YES;
				ENABLE_TESTABILITY = YES;
				GCC_C_LANGUAGE_STANDARD = gnu11;
				GCC_DYNAMIC_NO_PIC = NO;
				GCC_NO_COMMON_BLOCKS = YES;
				GCC_OPTIMIZATION_LEVEL = 0;
				GCC_PREPROCESSOR_DEFINITIONS = (
					"DEBUG=1",
					"$(inherited)",
				);
				GCC_WARN_64_TO_32_BIT_CONVERSION = YES;
				GCC_WARN_ABOUT_RETURN_TYPE = YES_ERROR;
				GCC_WARN_UNDECLARED_SELECTOR = YES;
				GCC_WARN_UNINITIALIZED_AUTOS = YES_AGGRESSIVE;
				GCC_WARN_UNUSED_FUNCTION = YES;
				GCC_WARN_UNUSED_VARIABLE = YES;
				IPHONEOS_DEPLOYMENT_TARGET = 12.2;
				MTL_ENABLE_DEBUG_INFO = INCLUDE_SOURCE;
				MTL_FAST_MATH = YES;
				ONLY_ACTIVE_ARCH = YES;
				SDKROOT = iphoneos;
				SWIFT_ACTIVE_COMPILATION_CONDITIONS = DEBUG;
				SWIFT_OPTIMIZATION_LEVEL = "-Onone";
			};
			name = Debug;
		};
		A71A91C9229F426A005F2EBB /* Release */ = {
			isa = XCBuildConfiguration;
			buildSettings = {
				ALWAYS_SEARCH_USER_PATHS = NO;
				CLANG_ANALYZER_NONNULL = YES;
				CLANG_ANALYZER_NUMBER_OBJECT_CONVERSION = YES_AGGRESSIVE;
				CLANG_CXX_LANGUAGE_STANDARD = "gnu++14";
				CLANG_CXX_LIBRARY = "libc++";
				CLANG_ENABLE_MODULES = YES;
				CLANG_ENABLE_OBJC_ARC = YES;
				CLANG_ENABLE_OBJC_WEAK = YES;
				CLANG_WARN_BLOCK_CAPTURE_AUTORELEASING = YES;
				CLANG_WARN_BOOL_CONVERSION = YES;
				CLANG_WARN_COMMA = YES;
				CLANG_WARN_CONSTANT_CONVERSION = YES;
				CLANG_WARN_DEPRECATED_OBJC_IMPLEMENTATIONS = YES;
				CLANG_WARN_DIRECT_OBJC_ISA_USAGE = YES_ERROR;
				CLANG_WARN_DOCUMENTATION_COMMENTS = YES;
				CLANG_WARN_EMPTY_BODY = YES;
				CLANG_WARN_ENUM_CONVERSION = YES;
				CLANG_WARN_INFINITE_RECURSION = YES;
				CLANG_WARN_INT_CONVERSION = YES;
				CLANG_WARN_NON_LITERAL_NULL_CONVERSION = YES;
				CLANG_WARN_OBJC_IMPLICIT_RETAIN_SELF = YES;
				CLANG_WARN_OBJC_LITERAL_CONVERSION = YES;
				CLANG_WARN_OBJC_ROOT_CLASS = YES_ERROR;
				CLANG_WARN_RANGE_LOOP_ANALYSIS = YES;
				CLANG_WARN_STRICT_PROTOTYPES = YES;
				CLANG_WARN_SUSPICIOUS_MOVE = YES;
				CLANG_WARN_UNGUARDED_AVAILABILITY = YES_AGGRESSIVE;
				CLANG_WARN_UNREACHABLE_CODE = YES;
				CLANG_WARN__DUPLICATE_METHOD_MATCH = YES;
				CODE_SIGN_IDENTITY = "iPhone Developer";
				COPY_PHASE_STRIP = NO;
				DEBUG_INFORMATION_FORMAT = "dwarf-with-dsym";
				ENABLE_NS_ASSERTIONS = NO;
				ENABLE_STRICT_OBJC_MSGSEND = YES;
				GCC_C_LANGUAGE_STANDARD = gnu11;
				GCC_NO_COMMON_BLOCKS = YES;
				GCC_WARN_64_TO_32_BIT_CONVERSION = YES;
				GCC_WARN_ABOUT_RETURN_TYPE = YES_ERROR;
				GCC_WARN_UNDECLARED_SELECTOR = YES;
				GCC_WARN_UNINITIALIZED_AUTOS = YES_AGGRESSIVE;
				GCC_WARN_UNUSED_FUNCTION = YES;
				GCC_WARN_UNUSED_VARIABLE = YES;
				IPHONEOS_DEPLOYMENT_TARGET = 12.2;
				MTL_ENABLE_DEBUG_INFO = NO;
				MTL_FAST_MATH = YES;
				SDKROOT = iphoneos;
				SWIFT_COMPILATION_MODE = wholemodule;
				SWIFT_OPTIMIZATION_LEVEL = "-O";
				VALIDATE_PRODUCT = YES;
			};
			name = Release;
		};
		A71A91CB229F426A005F2EBB /* Debug */ = {
			isa = XCBuildConfiguration;
			baseConfigurationReference = 8F03698FF80300891778E605 /* Pods-NewsFun.debug.xcconfig */;
			buildSettings = {
				ASSETCATALOG_COMPILER_APPICON_NAME = AppIcon;
				CODE_SIGN_STYLE = Automatic;
				DEVELOPMENT_TEAM = L6682JJSD3;
				INFOPLIST_FILE = NewsFun/Info.plist;
				LD_RUNPATH_SEARCH_PATHS = (
					"$(inherited)",
					"@executable_path/Frameworks",
				);
				PRODUCT_BUNDLE_IDENTIFIER = com.ricardohui.NewsFun;
				PRODUCT_NAME = "$(TARGET_NAME)";
				SWIFT_VERSION = 5.0;
				TARGETED_DEVICE_FAMILY = "1,2";
			};
			name = Debug;
		};
		A71A91CC229F426A005F2EBB /* Release */ = {
			isa = XCBuildConfiguration;
			baseConfigurationReference = 30385CDEC3E1F37BD8CC13B1 /* Pods-NewsFun.release.xcconfig */;
			buildSettings = {
				ASSETCATALOG_COMPILER_APPICON_NAME = AppIcon;
				CODE_SIGN_STYLE = Automatic;
				DEVELOPMENT_TEAM = L6682JJSD3;
				INFOPLIST_FILE = NewsFun/Info.plist;
				LD_RUNPATH_SEARCH_PATHS = (
					"$(inherited)",
					"@executable_path/Frameworks",
				);
				PRODUCT_BUNDLE_IDENTIFIER = com.ricardohui.NewsFun;
				PRODUCT_NAME = "$(TARGET_NAME)";
				SWIFT_VERSION = 5.0;
				TARGETED_DEVICE_FAMILY = "1,2";
			};
			name = Release;
		};
/* End XCBuildConfiguration section */

/* Begin XCConfigurationList section */
		A71A91B3229F4263005F2EBB /* Build configuration list for PBXProject "NewsFun" */ = {
			isa = XCConfigurationList;
			buildConfigurations = (
				A71A91C8229F426A005F2EBB /* Debug */,
				A71A91C9229F426A005F2EBB /* Release */,
			);
			defaultConfigurationIsVisible = 0;
			defaultConfigurationName = Release;
		};
		A71A91CA229F426A005F2EBB /* Build configuration list for PBXNativeTarget "NewsFun" */ = {
			isa = XCConfigurationList;
			buildConfigurations = (
				A71A91CB229F426A005F2EBB /* Debug */,
				A71A91CC229F426A005F2EBB /* Release */,
			);
			defaultConfigurationIsVisible = 0;
			defaultConfigurationName = Release;
		};
/* End XCConfigurationList section */
	};
	rootObject = A71A91B0229F4263005F2EBB /* Project object */;
}
